{
  "object": {
    "pins": [
      {
        "package": "swift-argument-parser",
        "repositoryURL": "https://github.com/apple/swift-argument-parser.git",
        "state": {
          "branch": null,
          "revision": "eb51f949cdd0c9d88abba9ce79d37eb7ea1231d0",
          "version": "0.2.0"
        }
      },
      {
        "package": "SwiftIO",
        "repositoryURL": "https://github.com/sharplet/SwiftIO.git",
        "state": {
          "branch": null,
          "revision": "6a5c67a28e40bd602628152f24627d7a840f5f0b",
          "version": "0.2.0"
        }
      }
    ]
  },
  "version": 1
}
